
Microsoft Visual Studio Solution File, Format Version 12.00
# Visual Studio 15
VisualStudioVersion = 15.0.27004.2006
MinimumVisualStudioVersion = 10.0.40219.1
Project("{8BC9CEB8-8B4A-11D0-8D11-00A0C91BC942}") = "Main", "Main.vcxproj", "{FA978430-08E8-4DD0-90B3-CFD5EC96DB26}"
	ProjectSection(ProjectDependencies) = postProject
		{AE6ACD23-E33B-4A4A-8061-8AC13B1C1110} = {AE6ACD23-E33B-4A4A-8061-8AC13B1C1110}
		{73D3D128-9B9D-4A4E-BEF1-0DD90941013F} = {73D3D128-9B9D-4A4E-BEF1-0DD90941013F}
		{DB37B740-0F7F-41E7-A48B-6F505A64A558} = {DB37B740-0F7F-41E7-A48B-6F505A64A558}
		{2709AE5C-48D4-4E28-AABD-26F165908EF2} = {2709AE5C-48D4-4E28-AABD-26F165908EF2}
		{67F98C79-6B57-4549-AAA3-1D321582582C} = {67F98C79-6B57-4549-AAA3-1D321582582C}
		{DB7EFB79-76E3-4437-9FE6-0B36327C183E} = {DB7EFB79-76E3-4437-9FE6-0B36327C183E}
	EndProjectSection
EndProject
Project("{8BC9CEB8-8B4A-11D0-8D11-00A0C91BC942}") = "Core", "..\Core\Core.vcxproj", "{DB37B740-0F7F-41E7-A48B-6F505A64A558}"
EndProject
Project("{8BC9CEB8-8B4A-11D0-8D11-00A0C91BC942}") = "Game", "..\..\Game\Project\Game.vcxproj", "{5587B64C-ABF9-4652-AB26-87BCBA45986C}"
EndProject
Project("{8BC9CEB8-8B4A-11D0-8D11-00A0C91BC942}") = "Rendering", "..\Plugins\Rendering\Rendering.vcxproj", "{73D3D128-9B9D-4A4E-BEF1-0DD90941013F}"
	ProjectSection(ProjectDependencies) = postProject
		{DB37B740-0F7F-41E7-A48B-6F505A64A558} = {DB37B740-0F7F-41E7-A48B-6F505A64A558}
		{67F98C79-6B57-4549-AAA3-1D321582582C} = {67F98C79-6B57-4549-AAA3-1D321582582C}
		{E9829CBA-AE15-4267-B08C-0F24DA121A88} = {E9829CBA-AE15-4267-B08C-0F24DA121A88}
	EndProjectSection
EndProject
Project("{8BC9CEB8-8B4A-11D0-8D11-00A0C91BC942}") = "PluginCore", "..\PluginCore\PluginCore.vcxproj", "{E9829CBA-AE15-4267-B08C-0F24DA121A88}"
EndProject
Project("{8BC9CEB8-8B4A-11D0-8D11-00A0C91BC942}") = "Transform", "..\Plugins\Transform\Transform.vcxproj", "{67F98C79-6B57-4549-AAA3-1D321582582C}"
	ProjectSection(ProjectDependencies) = postProject
		{E9829CBA-AE15-4267-B08C-0F24DA121A88} = {E9829CBA-AE15-4267-B08C-0F24DA121A88}
	EndProjectSection
EndProject
Project("{8BC9CEB8-8B4A-11D0-8D11-00A0C91BC942}") = "Input", "..\Plugins\Input\Input.vcxproj", "{DB7EFB79-76E3-4437-9FE6-0B36327C183E}"
	ProjectSection(ProjectDependencies) = postProject
		{73D3D128-9B9D-4A4E-BEF1-0DD90941013F} = {73D3D128-9B9D-4A4E-BEF1-0DD90941013F}
		{DB37B740-0F7F-41E7-A48B-6F505A64A558} = {DB37B740-0F7F-41E7-A48B-6F505A64A558}
		{67F98C79-6B57-4549-AAA3-1D321582582C} = {67F98C79-6B57-4549-AAA3-1D321582582C}
		{E9829CBA-AE15-4267-B08C-0F24DA121A88} = {E9829CBA-AE15-4267-B08C-0F24DA121A88}
	EndProjectSection
EndProject
Project("{2150E333-8FDC-42A3-9474-1A3956D46DE8}") = "Plugins", "Plugins", "{955DE8D1-D60A-441C-A8E1-85B50CB23735}"
EndProject
Project("{8BC9CEB8-8B4A-11D0-8D11-00A0C91BC942}") = "Audio", "..\Plugins\Audio\Audio.vcxproj", "{AE6ACD23-E33B-4A4A-8061-8AC13B1C1110}"
	ProjectSection(ProjectDependencies) = postProject
		{DB37B740-0F7F-41E7-A48B-6F505A64A558} = {DB37B740-0F7F-41E7-A48B-6F505A64A558}
		{67F98C79-6B57-4549-AAA3-1D321582582C} = {67F98C79-6B57-4549-AAA3-1D321582582C}
		{E9829CBA-AE15-4267-B08C-0F24DA121A88} = {E9829CBA-AE15-4267-B08C-0F24DA121A88}
	EndProjectSection
EndProject
Project("{888888A0-9F3D-457C-B088-3A5042F75D52}") = "Tools", "..\Tools\Tools.pyproj", "{AA4F1C65-AF8B-444A-8D67-43549E1BF9C4}"
EndProject
Project("{8BC9CEB8-8B4A-11D0-8D11-00A0C91BC942}") = "Physics", "..\Plugins\Physics\Physics.vcxproj", "{2709AE5C-48D4-4E28-AABD-26F165908EF2}"
	ProjectSection(ProjectDependencies) = postProject
		{DB37B740-0F7F-41E7-A48B-6F505A64A558} = {DB37B740-0F7F-41E7-A48B-6F505A64A558}
		{E9829CBA-AE15-4267-B08C-0F24DA121A88} = {E9829CBA-AE15-4267-B08C-0F24DA121A88}
	EndProjectSection
EndProject
Project("{8BC9CEB8-8B4A-11D0-8D11-00A0C91BC942}") = "Project", "..\..\Pong\Project\Project.vcxproj", "{976CDC3A-303F-4480-BD51-02B062691228}"
EndProject
Global
	GlobalSection(SolutionConfigurationPlatforms) = preSolution
		Debug|Any CPU = Debug|Any CPU
		Debug|x64 = Debug|x64
		Debug|x86 = Debug|x86
		Release|Any CPU = Release|Any CPU
		Release|x64 = Release|x64
		Release|x86 = Release|x86
	EndGlobalSection
	GlobalSection(ProjectConfigurationPlatforms) = postSolution
		{FA978430-08E8-4DD0-90B3-CFD5EC96DB26}.Debug|Any CPU.ActiveCfg = Debug|Win32
		{FA978430-08E8-4DD0-90B3-CFD5EC96DB26}.Debug|x64.ActiveCfg = Debug|x64
		{FA978430-08E8-4DD0-90B3-CFD5EC96DB26}.Debug|x64.Build.0 = Debug|x64
		{FA978430-08E8-4DD0-90B3-CFD5EC96DB26}.Debug|x86.ActiveCfg = Debug|Win32
		{FA978430-08E8-4DD0-90B3-CFD5EC96DB26}.Debug|x86.Build.0 = Debug|Win32
		{FA978430-08E8-4DD0-90B3-CFD5EC96DB26}.Release|Any CPU.ActiveCfg = Debug|Win32
		{FA978430-08E8-4DD0-90B3-CFD5EC96DB26}.Release|x64.ActiveCfg = Release|x64
		{FA978430-08E8-4DD0-90B3-CFD5EC96DB26}.Release|x64.Build.0 = Release|x64
		{FA978430-08E8-4DD0-90B3-CFD5EC96DB26}.Release|x86.ActiveCfg = Release|Win32
		{FA978430-08E8-4DD0-90B3-CFD5EC96DB26}.Release|x86.Build.0 = Release|Win32
		{DB37B740-0F7F-41E7-A48B-6F505A64A558}.Debug|Any CPU.ActiveCfg = Debug|Win32
		{DB37B740-0F7F-41E7-A48B-6F505A64A558}.Debug|x64.ActiveCfg = Debug|x64
		{DB37B740-0F7F-41E7-A48B-6F505A64A558}.Debug|x64.Build.0 = Debug|x64
		{DB37B740-0F7F-41E7-A48B-6F505A64A558}.Debug|x86.ActiveCfg = Debug|Win32
		{DB37B740-0F7F-41E7-A48B-6F505A64A558}.Debug|x86.Build.0 = Debug|Win32
		{DB37B740-0F7F-41E7-A48B-6F505A64A558}.Release|Any CPU.ActiveCfg = Debug|Win32
		{DB37B740-0F7F-41E7-A48B-6F505A64A558}.Release|x64.ActiveCfg = Release|x64
		{DB37B740-0F7F-41E7-A48B-6F505A64A558}.Release|x64.Build.0 = Release|x64
		{DB37B740-0F7F-41E7-A48B-6F505A64A558}.Release|x86.ActiveCfg = Release|Win32
		{DB37B740-0F7F-41E7-A48B-6F505A64A558}.Release|x86.Build.0 = Release|Win32
		{5587B64C-ABF9-4652-AB26-87BCBA45986C}.Debug|Any CPU.ActiveCfg = Debug|Win32
		{5587B64C-ABF9-4652-AB26-87BCBA45986C}.Debug|x64.ActiveCfg = Debug|x64
		{5587B64C-ABF9-4652-AB26-87BCBA45986C}.Debug|x86.ActiveCfg = Debug|Win32
		{5587B64C-ABF9-4652-AB26-87BCBA45986C}.Release|Any CPU.ActiveCfg = Debug|Win32
		{5587B64C-ABF9-4652-AB26-87BCBA45986C}.Release|x64.ActiveCfg = Release|x64
		{5587B64C-ABF9-4652-AB26-87BCBA45986C}.Release|x86.ActiveCfg = Release|Win32
		{73D3D128-9B9D-4A4E-BEF1-0DD90941013F}.Debug|Any CPU.ActiveCfg = Debug|Win32
		{73D3D128-9B9D-4A4E-BEF1-0DD90941013F}.Debug|x64.ActiveCfg = Debug|x64
		{73D3D128-9B9D-4A4E-BEF1-0DD90941013F}.Debug|x64.Build.0 = Debug|x64
		{73D3D128-9B9D-4A4E-BEF1-0DD90941013F}.Debug|x86.ActiveCfg = Debug|Win32
		{73D3D128-9B9D-4A4E-BEF1-0DD90941013F}.Debug|x86.Build.0 = Debug|Win32
		{73D3D128-9B9D-4A4E-BEF1-0DD90941013F}.Release|Any CPU.ActiveCfg = Debug|Win32
		{73D3D128-9B9D-4A4E-BEF1-0DD90941013F}.Release|x64.ActiveCfg = Release|x64
		{73D3D128-9B9D-4A4E-BEF1-0DD90941013F}.Release|x64.Build.0 = Release|x64
		{73D3D128-9B9D-4A4E-BEF1-0DD90941013F}.Release|x86.ActiveCfg = Release|Win32
		{73D3D128-9B9D-4A4E-BEF1-0DD90941013F}.Release|x86.Build.0 = Release|Win32
		{E9829CBA-AE15-4267-B08C-0F24DA121A88}.Debug|Any CPU.ActiveCfg = Debug|Win32
		{E9829CBA-AE15-4267-B08C-0F24DA121A88}.Debug|x64.ActiveCfg = Debug|x64
		{E9829CBA-AE15-4267-B08C-0F24DA121A88}.Debug|x64.Build.0 = Debug|x64
		{E9829CBA-AE15-4267-B08C-0F24DA121A88}.Debug|x86.ActiveCfg = Debug|Win32
		{E9829CBA-AE15-4267-B08C-0F24DA121A88}.Debug|x86.Build.0 = Debug|Win32
		{E9829CBA-AE15-4267-B08C-0F24DA121A88}.Release|Any CPU.ActiveCfg = Debug|Win32
		{E9829CBA-AE15-4267-B08C-0F24DA121A88}.Release|x64.ActiveCfg = Release|x64
		{E9829CBA-AE15-4267-B08C-0F24DA121A88}.Release|x64.Build.0 = Release|x64
		{E9829CBA-AE15-4267-B08C-0F24DA121A88}.Release|x86.ActiveCfg = Release|Win32
		{E9829CBA-AE15-4267-B08C-0F24DA121A88}.Release|x86.Build.0 = Release|Win32
		{67F98C79-6B57-4549-AAA3-1D321582582C}.Debug|Any CPU.ActiveCfg = Debug|Win32
		{67F98C79-6B57-4549-AAA3-1D321582582C}.Debug|x64.ActiveCfg = Debug|x64
		{67F98C79-6B57-4549-AAA3-1D321582582C}.Debug|x64.Build.0 = Debug|x64
		{67F98C79-6B57-4549-AAA3-1D321582582C}.Debug|x86.ActiveCfg = Debug|Win32
		{67F98C79-6B57-4549-AAA3-1D321582582C}.Debug|x86.Build.0 = Debug|Win32
		{67F98C79-6B57-4549-AAA3-1D321582582C}.Release|Any CPU.ActiveCfg = Debug|Win32
		{67F98C79-6B57-4549-AAA3-1D321582582C}.Release|x64.ActiveCfg = Release|x64
		{67F98C79-6B57-4549-AAA3-1D321582582C}.Release|x64.Build.0 = Release|x64
		{67F98C79-6B57-4549-AAA3-1D321582582C}.Release|x86.ActiveCfg = Release|Win32
		{67F98C79-6B57-4549-AAA3-1D321582582C}.Release|x86.Build.0 = Release|Win32
		{DB7EFB79-76E3-4437-9FE6-0B36327C183E}.Debug|Any CPU.ActiveCfg = Debug|Win32
		{DB7EFB79-76E3-4437-9FE6-0B36327C183E}.Debug|x64.ActiveCfg = Debug|x64
		{DB7EFB79-76E3-4437-9FE6-0B36327C183E}.Debug|x64.Build.0 = Debug|x64
		{DB7EFB79-76E3-4437-9FE6-0B36327C183E}.Debug|x86.ActiveCfg = Debug|Win32
		{DB7EFB79-76E3-4437-9FE6-0B36327C183E}.Debug|x86.Build.0 = Debug|Win32
		{DB7EFB79-76E3-4437-9FE6-0B36327C183E}.Release|Any CPU.ActiveCfg = Debug|Win32
		{DB7EFB79-76E3-4437-9FE6-0B36327C183E}.Release|x64.ActiveCfg = Release|x64
		{DB7EFB79-76E3-4437-9FE6-0B36327C183E}.Release|x64.Build.0 = Release|x64
		{DB7EFB79-76E3-4437-9FE6-0B36327C183E}.Release|x86.ActiveCfg = Release|Win32
		{DB7EFB79-76E3-4437-9FE6-0B36327C183E}.Release|x86.Build.0 = Release|Win32
		{AE6ACD23-E33B-4A4A-8061-8AC13B1C1110}.Debug|Any CPU.ActiveCfg = Debug|Win32
		{AE6ACD23-E33B-4A4A-8061-8AC13B1C1110}.Debug|x64.ActiveCfg = Debug|x64
		{AE6ACD23-E33B-4A4A-8061-8AC13B1C1110}.Debug|x64.Build.0 = Debug|x64
		{AE6ACD23-E33B-4A4A-8061-8AC13B1C1110}.Debug|x86.ActiveCfg = Debug|Win32
		{AE6ACD23-E33B-4A4A-8061-8AC13B1C1110}.Debug|x86.Build.0 = Debug|Win32
		{AE6ACD23-E33B-4A4A-8061-8AC13B1C1110}.Release|Any CPU.ActiveCfg = Debug|Win32
		{AE6ACD23-E33B-4A4A-8061-8AC13B1C1110}.Release|x64.ActiveCfg = Release|x64
		{AE6ACD23-E33B-4A4A-8061-8AC13B1C1110}.Release|x64.Build.0 = Release|x64
		{AE6ACD23-E33B-4A4A-8061-8AC13B1C1110}.Release|x86.ActiveCfg = Release|Win32
		{AE6ACD23-E33B-4A4A-8061-8AC13B1C1110}.Release|x86.Build.0 = Release|Win32
		{AA4F1C65-AF8B-444A-8D67-43549E1BF9C4}.Debug|Any CPU.ActiveCfg = Debug|Any CPU
		{AA4F1C65-AF8B-444A-8D67-43549E1BF9C4}.Debug|x64.ActiveCfg = Debug|Any CPU
		{AA4F1C65-AF8B-444A-8D67-43549E1BF9C4}.Debug|x86.ActiveCfg = Debug|Any CPU
		{AA4F1C65-AF8B-444A-8D67-43549E1BF9C4}.Release|Any CPU.ActiveCfg = Debug|Any CPU
		{AA4F1C65-AF8B-444A-8D67-43549E1BF9C4}.Release|x64.ActiveCfg = Release|Any CPU
		{AA4F1C65-AF8B-444A-8D67-43549E1BF9C4}.Release|x86.ActiveCfg = Release|Any CPU
		{2709AE5C-48D4-4E28-AABD-26F165908EF2}.Debug|Any CPU.ActiveCfg = Debug|Win32
		{2709AE5C-48D4-4E28-AABD-26F165908EF2}.Debug|x64.ActiveCfg = Debug|x64
		{2709AE5C-48D4-4E28-AABD-26F165908EF2}.Debug|x64.Build.0 = Debug|x64
		{2709AE5C-48D4-4E28-AABD-26F165908EF2}.Debug|x86.ActiveCfg = Debug|Win32
		{2709AE5C-48D4-4E28-AABD-26F165908EF2}.Debug|x86.Build.0 = Debug|Win32
		{2709AE5C-48D4-4E28-AABD-26F165908EF2}.Release|Any CPU.ActiveCfg = Debug|Win32
		{2709AE5C-48D4-4E28-AABD-26F165908EF2}.Release|x64.ActiveCfg = Release|x64
		{2709AE5C-48D4-4E28-AABD-26F165908EF2}.Release|x64.Build.0 = Release|x64
		{2709AE5C-48D4-4E28-AABD-26F165908EF2}.Release|x86.ActiveCfg = Release|Win32
		{2709AE5C-48D4-4E28-AABD-26F165908EF2}.Release|x86.Build.0 = Release|Win32
		{976CDC3A-303F-4480-BD51-02B062691228}.Debug|Any CPU.ActiveCfg = Debug|Win32
		{976CDC3A-303F-4480-BD51-02B062691228}.Debug|Any CPU.Build.0 = Debug|Win32
		{976CDC3A-303F-4480-BD51-02B062691228}.Debug|x64.ActiveCfg = Debug|x64
		{976CDC3A-303F-4480-BD51-02B062691228}.Debug|x86.ActiveCfg = Debug|Win32
		{976CDC3A-303F-4480-BD51-02B062691228}.Debug|x86.Build.0 = Debug|Win32
		{976CDC3A-303F-4480-BD51-02B062691228}.Release|Any CPU.ActiveCfg = Debug|Win32
		{976CDC3A-303F-4480-BD51-02B062691228}.Release|Any CPU.Build.0 = Debug|Win32
		{976CDC3A-303F-4480-BD51-02B062691228}.Release|x64.ActiveCfg = Release|x64
		{976CDC3A-303F-4480-BD51-02B062691228}.Release|x86.ActiveCfg = Release|Win32
	EndGlobalSection
	GlobalSection(SolutionProperties) = preSolution
		HideSolutionNode = FALSE
	EndGlobalSection
	GlobalSection(NestedProjects) = preSolution
		{73D3D128-9B9D-4A4E-BEF1-0DD90941013F} = {955DE8D1-D60A-441C-A8E1-85B50CB23735}
		{67F98C79-6B57-4549-AAA3-1D321582582C} = {955DE8D1-D60A-441C-A8E1-85B50CB23735}
		{DB7EFB79-76E3-4437-9FE6-0B36327C183E} = {955DE8D1-D60A-441C-A8E1-85B50CB23735}
		{AE6ACD23-E33B-4A4A-8061-8AC13B1C1110} = {955DE8D1-D60A-441C-A8E1-85B50CB23735}
		{2709AE5C-48D4-4E28-AABD-26F165908EF2} = {955DE8D1-D60A-441C-A8E1-85B50CB23735}
	EndGlobalSection
	GlobalSection(ExtensibilityGlobals) = postSolution
		SolutionGuid = {8DBDAA94-CEA6-4E5D-849B-D6205FE59C6B}
	EndGlobalSection
EndGlobal
